// !$*UTF8*$!
{
	archiveVersion = 1;
	classes = {
	};
	objectVersion = 55;
	objects = {

/* Begin PBXBuildFile section */
		CEFACDE227A0059F004D0BF1 /* AppDelegate.swift in Sources */ = {isa = PBXBuildFile; fileRef = CEFACDE127A0059F004D0BF1 /* AppDelegate.swift */; };
		CEFACDE427A0059F004D0BF1 /* SceneDelegate.swift in Sources */ = {isa = PBXBuildFile; fileRef = CEFACDE327A0059F004D0BF1 /* SceneDelegate.swift */; };
		CEFACDE627A0059F004D0BF1 /* ViewController.swift in Sources */ = {isa = PBXBuildFile; fileRef = CEFACDE527A0059F004D0BF1 /* ViewController.swift */; };
		CEFACDE927A0059F004D0BF1 /* Main.storyboard in Resources */ = {isa = PBXBuildFile; fileRef = CEFACDE727A0059F004D0BF1 /* Main.storyboard */; };
		CEFACDEB27A005A2004D0BF1 /* Assets.xcassets in Resources */ = {isa = PBXBuildFile; fileRef = CEFACDEA27A005A2004D0BF1 /* Assets.xcassets */; };
		CEFACDEE27A005A2004D0BF1 /* LaunchScreen.storyboard in Resources */ = {isa = PBXBuildFile; fileRef = CEFACDEC27A005A2004D0BF1 /* LaunchScreen.storyboard */; };
		CEFACDF627A00665004D0BF1 /* MainViewController.swift in Sources */ = {isa = PBXBuildFile; fileRef = CEFACDF527A00665004D0BF1 /* MainViewController.swift */; };
		CEFACDF827A0068D004D0BF1 /* TableViewViewController.swift in Sources */ = {isa = PBXBuildFile; fileRef = CEFACDF727A0068D004D0BF1 /* TableViewViewController.swift */; };
		CEFACDFB27A00753004D0BF1 /* SnapKit in Frameworks */ = {isa = PBXBuildFile; productRef = CEFACDFA27A00753004D0BF1 /* SnapKit */; };
		CEFACDFD27A01C4A004D0BF1 /* LinkModel.swift in Sources */ = {isa = PBXBuildFile; fileRef = CEFACDFC27A01C4A004D0BF1 /* LinkModel.swift */; };
		CEFACDFF27A01F8D004D0BF1 /* LinkTableViewCell.swift in Sources */ = {isa = PBXBuildFile; fileRef = CEFACDFE27A01F8D004D0BF1 /* LinkTableViewCell.swift */; };
/* End PBXBuildFile section */

/* Begin PBXFileReference section */
		CEFACDDE27A0059F004D0BF1 /* BookMarkUiKitEdition.app */ = {isa = PBXFileReference; explicitFileType = wrapper.application; includeInIndex = 0; path = BookMarkUiKitEdition.app; sourceTree = BUILT_PRODUCTS_DIR; };
		CEFACDE127A0059F004D0BF1 /* AppDelegate.swift */ = {isa = PBXFileReference; lastKnownFileType = sourcecode.swift; path = AppDelegate.swift; sourceTree = "<group>"; };
		CEFACDE327A0059F004D0BF1 /* SceneDelegate.swift */ = {isa = PBXFileReference; lastKnownFileType = sourcecode.swift; path = SceneDelegate.swift; sourceTree = "<group>"; };
		CEFACDE527A0059F004D0BF1 /* ViewController.swift */ = {isa = PBXFileReference; lastKnownFileType = sourcecode.swift; path = ViewController.swift; sourceTree = "<group>"; };
		CEFACDE827A0059F004D0BF1 /* Base */ = {isa = PBXFileReference; lastKnownFileType = file.storyboard; name = Base; path = Base.lproj/Main.storyboard; sourceTree = "<group>"; };
		CEFACDEA27A005A2004D0BF1 /* Assets.xcassets */ = {isa = PBXFileReference; lastKnownFileType = folder.assetcatalog; path = Assets.xcassets; sourceTree = "<group>"; };
		CEFACDED27A005A2004D0BF1 /* Base */ = {isa = PBXFileReference; lastKnownFileType = file.storyboard; name = Base; path = Base.lproj/LaunchScreen.storyboard; sourceTree = "<group>"; };
		CEFACDEF27A005A2004D0BF1 /* Info.plist */ = {isa = PBXFileReference; lastKnownFileType = text.plist.xml; path = Info.plist; sourceTree = "<group>"; };
		CEFACDF527A00665004D0BF1 /* MainViewController.swift */ = {isa = PBXFileReference; lastKnownFileType = sourcecode.swift; path = MainViewController.swift; sourceTree = "<group>"; };
		CEFACDF727A0068D004D0BF1 /* TableViewViewController.swift */ = {isa = PBXFileReference; lastKnownFileType = sourcecode.swift; path = TableViewViewController.swift; sourceTree = "<group>"; };
		CEFACDFC27A01C4A004D0BF1 /* LinkModel.swift */ = {isa = PBXFileReference; lastKnownFileType = sourcecode.swift; path = LinkModel.swift; sourceTree = "<group>"; };
		CEFACDFE27A01F8D004D0BF1 /* LinkTableViewCell.swift */ = {isa = PBXFileReference; lastKnownFileType = sourcecode.swift; path = LinkTableViewCell.swift; sourceTree = "<group>"; };
/* End PBXFileReference section */

/* Begin PBXFrameworksBuildPhase section */
		CEFACDDB27A0059F004D0BF1 /* Frameworks */ = {
			isa = PBXFrameworksBuildPhase;
			buildActionMask = 2147483647;
			files = (
				CEFACDFB27A00753004D0BF1 /* SnapKit in Frameworks */,
			);
			runOnlyForDeploymentPostprocessing = 0;
		};
/* End PBXFrameworksBuildPhase section */

/* Begin PBXGroup section */
		CEFACDD527A0059F004D0BF1 = {
			isa = PBXGroup;
			children = (
				CEFACDE027A0059F004D0BF1 /* BookMarkUiKitEdition */,
				CEFACDDF27A0059F004D0BF1 /* Products */,
			);
			sourceTree = "<group>";
		};
		CEFACDDF27A0059F004D0BF1 /* Products */ = {
			isa = PBXGroup;
			children = (
				CEFACDDE27A0059F004D0BF1 /* BookMarkUiKitEdition.app */,
			);
			name = Products;
			sourceTree = "<group>";
		};
		CEFACDE027A0059F004D0BF1 /* BookMarkUiKitEdition */ = {
			isa = PBXGroup;
			children = (
				CEFACDE127A0059F004D0BF1 /* AppDelegate.swift */,
				CEFACDE327A0059F004D0BF1 /* SceneDelegate.swift */,
				CEFACDE527A0059F004D0BF1 /* ViewController.swift */,
				CEFACDF527A00665004D0BF1 /* MainViewController.swift */,
				CEFACDF727A0068D004D0BF1 /* TableViewViewController.swift */,
				CEFACDFE27A01F8D004D0BF1 /* LinkTableViewCell.swift */,
				CEFACDE727A0059F004D0BF1 /* Main.storyboard */,
				CEFACDEA27A005A2004D0BF1 /* Assets.xcassets */,
				CEFACDEC27A005A2004D0BF1 /* LaunchScreen.storyboard */,
				CEFACDEF27A005A2004D0BF1 /* Info.plist */,
				CEFACDFC27A01C4A004D0BF1 /* LinkModel.swift */,
			);
			path = BookMarkUiKitEdition;
			sourceTree = "<group>";
		};
/* End PBXGroup section */

/* Begin PBXNativeTarget section */
		CEFACDDD27A0059F004D0BF1 /* BookMarkUiKitEdition */ = {
			isa = PBXNativeTarget;
			buildConfigurationList = CEFACDF227A005A2004D0BF1 /* Build configuration list for PBXNativeTarget "BookMarkUiKitEdition" */;
			buildPhases = (
				CEFACDDA27A0059F004D0BF1 /* Sources */,
				CEFACDDB27A0059F004D0BF1 /* Frameworks */,
				CEFACDDC27A0059F004D0BF1 /* Resources */,
			);
			buildRules = (
			);
			dependencies = (
			);
			name = BookMarkUiKitEdition;
			packageProductDependencies = (
				CEFACDFA27A00753004D0BF1 /* SnapKit */,
			);
			productName = BookMarkUiKitEdition;
			productReference = CEFACDDE27A0059F004D0BF1 /* BookMarkUiKitEdition.app */;
			productType = "com.apple.product-type.application";
		};
/* End PBXNativeTarget section */

/* Begin PBXProject section */
		CEFACDD627A0059F004D0BF1 /* Project object */ = {
			isa = PBXProject;
			attributes = {
				BuildIndependentTargetsInParallel = 1;
				LastSwiftUpdateCheck = 1310;
				LastUpgradeCheck = 1310;
				TargetAttributes = {
					CEFACDDD27A0059F004D0BF1 = {
						CreatedOnToolsVersion = 13.1;
					};
				};
			};
			buildConfigurationList = CEFACDD927A0059F004D0BF1 /* Build configuration list for PBXProject "BookMarkUiKitEdition" */;
			compatibilityVersion = "Xcode 13.0";
			developmentRegion = en;
			hasScannedForEncodings = 0;
			knownRegions = (
				en,
				Base,
			);
			mainGroup = CEFACDD527A0059F004D0BF1;
			packageReferences = (
				CEFACDF927A00753004D0BF1 /* XCRemoteSwiftPackageReference "SnapKit" */,
			);
			productRefGroup = CEFACDDF27A0059F004D0BF1 /* Products */;
			projectDirPath = "";
			projectRoot = "";
			targets = (
				CEFACDDD27A0059F004D0BF1 /* BookMarkUiKitEdition */,
			);
		};
/* End PBXProject section */

/* Begin PBXResourcesBuildPhase section */
		CEFACDDC27A0059F004D0BF1 /* Resources */ = {
			isa = PBXResourcesBuildPhase;
			buildActionMask = 2147483647;
			files = (
				CEFACDEE27A005A2004D0BF1 /* LaunchScreen.storyboard in Resources */,
				CEFACDEB27A005A2004D0BF1 /* Assets.xcassets in Resources */,
				CEFACDE927A0059F004D0BF1 /* Main.storyboard in Resources */,
			);
			runOnlyForDeploymentPostprocessing = 0;
		};
/* End PBXResourcesBuildPhase section */

/* Begin PBXSourcesBuildPhase section */
		CEFACDDA27A0059F004D0BF1 /* Sources */ = {
			isa = PBXSourcesBuildPhase;
			buildActionMask = 2147483647;
			files = (
				CEFACDFF27A01F8D004D0BF1 /* LinkTableViewCell.swift in Sources */,
				CEFACDE627A0059F004D0BF1 /* ViewController.swift in Sources */,
				CEFACDE227A0059F004D0BF1 /* AppDelegate.swift in Sources */,
				CEFACDE427A0059F004D0BF1 /* SceneDelegate.swift in Sources */,
				CEFACDFD27A01C4A004D0BF1 /* LinkModel.swift in Sources */,
				CEFACDF627A00665004D0BF1 /* MainViewController.swift in Sources */,
				CEFACDF827A0068D004D0BF1 /* TableViewViewController.swift in Sources */,
			);
			runOnlyForDeploymentPostprocessing = 0;
		};
/* End PBXSourcesBuildPhase section */

/* Begin PBXVariantGroup section */
		CEFACDE727A0059F004D0BF1 /* Main.storyboard */ = {
			isa = PBXVariantGroup;
			children = (
				CEFACDE827A0059F004D0BF1 /* Base */,
			);
			name = Main.storyboard;
			sourceTree = "<group>";
		};
		CEFACDEC27A005A2004D0BF1 /* LaunchScreen.storyboard */ = {
			isa = PBXVariantGroup;
			children = (
				CEFACDED27A005A2004D0BF1 /* Base */,
			);
			name = LaunchScreen.storyboard;
			sourceTree = "<group>";
		};
/* End PBXVariantGroup section */

/* Begin XCBuildConfiguration section */
		CEFACDF027A005A2004D0BF1 /* Debug */ = {
			isa = XCBuildConfiguration;
			buildSettings = {
				ALWAYS_SEARCH_USER_PATHS = NO;
				CLANG_ANALYZER_NONNULL = YES;
				CLANG_ANALYZER_NUMBER_OBJECT_CONVERSION = YES_AGGRESSIVE;
				CLANG_CXX_LANGUAGE_STANDARD = "gnu++17";
				CLANG_CXX_LIBRARY = "libc++";
				CLANG_ENABLE_MODULES = YES;
				CLANG_ENABLE_OBJC_ARC = YES;
				CLANG_ENABLE_OBJC_WEAK = YES;
				CLANG_WARN_BLOCK_CAPTURE_AUTORELEASING = YES;
				CLANG_WARN_BOOL_CONVERSION = YES;
				CLANG_WARN_COMMA = YES;
				CLANG_WARN_CONSTANT_CONVERSION = YES;
				CLANG_WARN_DEPRECATED_OBJC_IMPLEMENTATIONS = YES;
				CLANG_WARN_DIRECT_OBJC_ISA_USAGE = YES_ERROR;
				CLANG_WARN_DOCUMENTATION_COMMENTS = YES;
				CLANG_WARN_EMPTY_BODY = YES;
				CLANG_WARN_ENUM_CONVERSION = YES;
				CLANG_WARN_INFINITE_RECURSION = YES;
				CLANG_WARN_INT_CONVERSION = YES;
				CLANG_WARN_NON_LITERAL_NULL_CONVERSION = YES;
				CLANG_WARN_OBJC_IMPLICIT_RETAIN_SELF = YES;
				CLANG_WARN_OBJC_LITERAL_CONVERSION = YES;
				CLANG_WARN_OBJC_ROOT_CLASS = YES_ERROR;
				CLANG_WARN_QUOTED_INCLUDE_IN_FRAMEWORK_HEADER = YES;
				CLANG_WARN_RANGE_LOOP_ANALYSIS = YES;
				CLANG_WARN_STRICT_PROTOTYPES = YES;
				CLANG_WARN_SUSPICIOUS_MOVE = YES;
				CLANG_WARN_UNGUARDED_AVAILABILITY = YES_AGGRESSIVE;
				CLANG_WARN_UNREACHABLE_CODE = YES;
				CLANG_WARN__DUPLICATE_METHOD_MATCH = YES;
				COPY_PHASE_STRIP = NO;
				DEBUG_INFORMATION_FORMAT = dwarf;
				ENABLE_STRICT_OBJC_MSGSEND = YES;
				ENABLE_TESTABILITY = YES;
				GCC_C_LANGUAGE_STANDARD = gnu11;
				GCC_DYNAMIC_NO_PIC = NO;
				GCC_NO_COMMON_BLOCKS = YES;
				GCC_OPTIMIZATION_LEVEL = 0;
				GCC_PREPROCESSOR_DEFINITIONS = (
					"DEBUG=1",
					"$(inherited)",
				);
				GCC_WARN_64_TO_32_BIT_CONVERSION = YES;
				GCC_WARN_ABOUT_RETURN_TYPE = YES_ERROR;
				GCC_WARN_UNDECLARED_SELECTOR = YES;
				GCC_WARN_UNINITIALIZED_AUTOS = YES_AGGRESSIVE;
				GCC_WARN_UNUSED_FUNCTION = YES;
				GCC_WARN_UNUSED_VARIABLE = YES;
				IPHONEOS_DEPLOYMENT_TARGET = 15.0;
				MTL_ENABLE_DEBUG_INFO = INCLUDE_SOURCE;
				MTL_FAST_MATH = YES;
				ONLY_ACTIVE_ARCH = YES;
				SDKROOT = iphoneos;
				SWIFT_ACTIVE_COMPILATION_CONDITIONS = DEBUG;
				SWIFT_OPTIMIZATION_LEVEL = "-Onone";
			};
			name = Debug;
		};
		CEFACDF127A005A2004D0BF1 /* Release */ = {
			isa = XCBuildConfiguration;
			buildSettings = {
				ALWAYS_SEARCH_USER_PATHS = NO;
				CLANG_ANALYZER_NONNULL = YES;
				CLANG_ANALYZER_NUMBER_OBJECT_CONVERSION = YES_AGGRESSIVE;
				CLANG_CXX_LANGUAGE_STANDARD = "gnu++17";
				CLANG_CXX_LIBRARY = "libc++";
				CLANG_ENABLE_MODULES = YES;
				CLANG_ENABLE_OBJC_ARC = YES;
				CLANG_ENABLE_OBJC_WEAK = YES;
				CLANG_WARN_BLOCK_CAPTURE_AUTORELEASING = YES;
				CLANG_WARN_BOOL_CONVERSION = YES;
				CLANG_WARN_COMMA = YES;
				CLANG_WARN_CONSTANT_CONVERSION = YES;
				CLANG_WARN_DEPRECATED_OBJC_IMPLEMENTATIONS = YES;
				CLANG_WARN_DIRECT_OBJC_ISA_USAGE = YES_ERROR;
				CLANG_WARN_DOCUMENTATION_COMMENTS = YES;
				CLANG_WARN_EMPTY_BODY = YES;
				CLANG_WARN_ENUM_CONVERSION = YES;
				CLANG_WARN_INFINITE_RECURSION = YES;
				CLANG_WARN_INT_CONVERSION = YES;
				CLANG_WARN_NON_LITERAL_NULL_CONVERSION = YES;
				CLANG_WARN_OBJC_IMPLICIT_RETAIN_SELF = YES;
				CLANG_WARN_OBJC_LITERAL_CONVERSION = YES;
				CLANG_WARN_OBJC_ROOT_CLASS = YES_ERROR;
				CLANG_WARN_QUOTED_INCLUDE_IN_FRAMEWORK_HEADER = YES;
				CLANG_WARN_RANGE_LOOP_ANALYSIS = YES;
				CLANG_WARN_STRICT_PROTOTYPES = YES;
				CLANG_WARN_SUSPICIOUS_MOVE = YES;
				CLANG_WARN_UNGUARDED_AVAILABILITY = YES_AGGRESSIVE;
				CLANG_WARN_UNREACHABLE_CODE = YES;
				CLANG_WARN__DUPLICATE_METHOD_MATCH = YES;
				COPY_PHASE_STRIP = NO;
				DEBUG_INFORMATION_FORMAT = "dwarf-with-dsym";
				ENABLE_NS_ASSERTIONS = NO;
				ENABLE_STRICT_OBJC_MSGSEND = YES;
				GCC_C_LANGUAGE_STANDARD = gnu11;
				GCC_NO_COMMON_BLOCKS = YES;
				GCC_WARN_64_TO_32_BIT_CONVERSION = YES;
				GCC_WARN_ABOUT_RETURN_TYPE = YES_ERROR;
				GCC_WARN_UNDECLARED_SELECTOR = YES;
				GCC_WARN_UNINITIALIZED_AUTOS = YES_AGGRESSIVE;
				GCC_WARN_UNUSED_FUNCTION = YES;
				GCC_WARN_UNUSED_VARIABLE = YES;
				IPHONEOS_DEPLOYMENT_TARGET = 15.0;
				MTL_ENABLE_DEBUG_INFO = NO;
				MTL_FAST_MATH = YES;
				SDKROOT = iphoneos;
				SWIFT_COMPILATION_MODE = wholemodule;
				SWIFT_OPTIMIZATION_LEVEL = "-O";
				VALIDATE_PRODUCT = YES;
			};
			name = Release;
		};
		CEFACDF327A005A2004D0BF1 /* Debug */ = {
			isa = XCBuildConfiguration;
			buildSettings = {
				ASSETCATALOG_COMPILER_APPICON_NAME = AppIcon;
				ASSETCATALOG_COMPILER_GLOBAL_ACCENT_COLOR_NAME = AccentColor;
				CODE_SIGN_STYLE = Automatic;
				CURRENT_PROJECT_VERSION = 1;
				DEVELOPMENT_TEAM = 54V283L38J;
				GENERATE_INFOPLIST_FILE = YES;
				INFOPLIST_FILE = BookMarkUiKitEdition/Info.plist;
				INFOPLIST_KEY_UIApplicationSupportsIndirectInputEvents = YES;
				INFOPLIST_KEY_UILaunchStoryboardName = LaunchScreen;
				INFOPLIST_KEY_UIMainStoryboardFile = Main;
				INFOPLIST_KEY_UISupportedInterfaceOrientations_iPad = "UIInterfaceOrientationPortrait UIInterfaceOrientationPortraitUpsideDown UIInterfaceOrientationLandscapeLeft UIInterfaceOrientationLandscapeRight";
				INFOPLIST_KEY_UISupportedInterfaceOrientations_iPhone = "UIInterfaceOrientationPortrait UIInterfaceOrientationLandscapeLeft UIInterfaceOrientationLandscapeRight";
				LD_RUNPATH_SEARCH_PATHS = (
					"$(inherited)",
					"@executable_path/Frameworks",
				);
				MARKETING_VERSION = 1.0;
				PRODUCT_BUNDLE_IDENTIFIER = "temirlan-default-project.BookMarkUiKitEdition";
				PRODUCT_NAME = "$(TARGET_NAME)";
				SWIFT_EMIT_LOC_STRINGS = YES;
				SWIFT_VERSION = 5.0;
				TARGETED_DEVICE_FAMILY = "1,2";
			};
			name = Debug;
		};
		CEFACDF427A005A2004D0BF1 /* Release */ = {
			isa = XCBuildConfiguration;
			buildSettings = {
				ASSETCATALOG_COMPILER_APPICON_NAME = AppIcon;
				ASSETCATALOG_COMPILER_GLOBAL_ACCENT_COLOR_NAME = AccentColor;
				CODE_SIGN_STYLE = Automatic;
				CURRENT_PROJECT_VERSION = 1;
				DEVELOPMENT_TEAM = 54V283L38J;
				GENERATE_INFOPLIST_FILE = YES;
				INFOPLIST_FILE = BookMarkUiKitEdition/Info.plist;
				INFOPLIST_KEY_UIApplicationSupportsIndirectInputEvents = YES;
				INFOPLIST_KEY_UILaunchStoryboardName = LaunchScreen;
				INFOPLIST_KEY_UIMainStoryboardFile = Main;
				INFOPLIST_KEY_UISupportedInterfaceOrientations_iPad = "UIInterfaceOrientationPortrait UIInterfaceOrientationPortraitUpsideDown UIInterfaceOrientationLandscapeLeft UIInterfaceOrientationLandscapeRight";
				INFOPLIST_KEY_UISupportedInterfaceOrientations_iPhone = "UIInterfaceOrientationPortrait UIInterfaceOrientationLandscapeLeft UIInterfaceOrientationLandscapeRight";
				LD_RUNPATH_SEARCH_PATHS = (
					"$(inherited)",
					"@executable_path/Frameworks",
				);
				MARKETING_VERSION = 1.0;
				PRODUCT_BUNDLE_IDENTIFIER = "temirlan-default-project.BookMarkUiKitEdition";
				PRODUCT_NAME = "$(TARGET_NAME)";
				SWIFT_EMIT_LOC_STRINGS = YES;
				SWIFT_VERSION = 5.0;
				TARGETED_DEVICE_FAMILY = "1,2";
			};
			name = Release;
		};
/* End XCBuildConfiguration section */

/* Begin XCConfigurationList section */
		CEFACDD927A0059F004D0BF1 /* Build configuration list for PBXProject "BookMarkUiKitEdition" */ = {
			isa = XCConfigurationList;
			buildConfigurations = (
				CEFACDF027A005A2004D0BF1 /* Debug */,
				CEFACDF127A005A2004D0BF1 /* Release */,
			);
			defaultConfigurationIsVisible = 0;
			defaultConfigurationName = Release;
		};
		CEFACDF227A005A2004D0BF1 /* Build configuration list for PBXNativeTarget "BookMarkUiKitEdition" */ = {
			isa = XCConfigurationList;
			buildConfigurations = (
				CEFACDF327A005A2004D0BF1 /* Debug */,
				CEFACDF427A005A2004D0BF1 /* Release */,
			);
			defaultConfigurationIsVisible = 0;
			defaultConfigurationName = Release;
		};
/* End XCConfigurationList section */

/* Begin XCRemoteSwiftPackageReference section */
		CEFACDF927A00753004D0BF1 /* XCRemoteSwiftPackageReference "SnapKit" */ = {
			isa = XCRemoteSwiftPackageReference;
			repositoryURL = "https://github.com/SnapKit/SnapKit";
			requirement = {
				kind = upToNextMajorVersion;
				minimumVersion = 5.0.0;
			};
		};
/* End XCRemoteSwiftPackageReference section */

/* Begin XCSwiftPackageProductDependency section */
		CEFACDFA27A00753004D0BF1 /* SnapKit */ = {
			isa = XCSwiftPackageProductDependency;
			package = CEFACDF927A00753004D0BF1 /* XCRemoteSwiftPackageReference "SnapKit" */;
			productName = SnapKit;
		};
/* End XCSwiftPackageProductDependency section */
	};
	rootObject = CEFACDD627A0059F004D0BF1 /* Project object */;
}
